
Microsoft Visual Studio Solution File, Format Version 12.00
# Visual Studio 15
VisualStudioVersion = 15.0.27130.2024
MinimumVisualStudioVersion = 10.0.40219.1
Project("{8BC9CEB8-8B4A-11D0-8D11-00A0C91BC942}") = "ATM", "ATM\ATM.vcxproj", "{EE69B5F9-341A-4126-AA6C-AD1B1445C700}"
EndProject
Global
	GlobalSection(SolutionConfigurationPlatforms) = preSolution
		Debug|x64 = Debug|x64
		Debug|x86 = Debug|x86
		Release|x64 = Release|x64
		Release|x86 = Release|x86
	EndGlobalSection
	GlobalSection(ProjectConfigurationPlatforms) = postSolution
		{EE69B5F9-341A-4126-AA6C-AD1B1445C700}.Debug|x64.ActiveCfg = Debug|x64
		{EE69B5F9-341A-4126-AA6C-AD1B1445C700}.Debug|x64.Build.0 = Debug|x64
		{EE69B5F9-341A-4126-AA6C-AD1B1445C700}.Debug|x86.ActiveCfg = Debug|Win32
		{EE69B5F9-341A-4126-AA6C-AD1B1445C700}.Debug|x86.Build.0 = Debug|Win32
		{EE69B5F9-341A-4126-AA6C-AD1B1445C700}.Release|x64.ActiveCfg = Release|x64
		{EE69B5F9-341A-4126-AA6C-AD1B1445C700}.Release|x64.Build.0 = Release|x64
		{EE69B5F9-341A-4126-AA6C-AD1B1445C700}.Release|x86.ActiveCfg = Release|Win32
		{EE69B5F9-341A-4126-AA6C-AD1B1445C700}.Release|x86.Build.0 = Release|Win32
	EndGlobalSection
	GlobalSection(SolutionProperties) = preSolution
		HideSolutionNode = FALSE
	EndGlobalSection
	GlobalSection(ExtensibilityGlobals) = postSolution
		SolutionGuid = {4C14C7C1-27B9-469A-948F-7154D3482708}
	EndGlobalSection
EndGlobal
